
Microsoft Visual Studio Solution File, Format Version 12.00
# Visual Studio Version 17
VisualStudioVersion = 17.3.32825.248
MinimumVisualStudioVersion = 10.0.40219.1
Project("{FAE04EC0-301F-11D3-BF4B-00C04F79EFBC}") = "TestProject", "TestProject\TestProject.csproj", "{B96E4118-930E-46D8-A92D-072C8EDB5360}"
EndProject
Global
	GlobalSection(SolutionConfigurationPlatforms) = preSolution
		Debug|Any CPU = Debug|Any CPU
		Release|Any CPU = Release|Any CPU
	EndGlobalSection
	GlobalSection(ProjectConfigurationPlatforms) = postSolution
		{B96E4118-930E-46D8-A92D-072C8EDB5360}.Debug|Any CPU.ActiveCfg = Debug|Any CPU
		{B96E4118-930E-46D8-A92D-072C8EDB5360}.Debug|Any CPU.Build.0 = Debug|Any CPU
		{B96E4118-930E-46D8-A92D-072C8EDB5360}.Release|Any CPU.ActiveCfg = Release|Any CPU
		{B96E4118-930E-46D8-A92D-072C8EDB5360}.Release|Any CPU.Build.0 = Release|Any CPU
	EndGlobalSection
	GlobalSection(SolutionProperties) = preSolution
		HideSolutionNode = FALSE
	EndGlobalSection
	GlobalSection(ExtensibilityGlobals) = postSolution
		SolutionGuid = {AA3EF294-FA0D-4EA3-9F7F-8037DF6BB81A}
	EndGlobalSection
EndGlobal
